
Microsoft Visual Studio Solution File, Format Version 11.00
# Visual Studio 2010
Project("{FAE04EC0-301F-11D3-BF4B-00C04F79EFBC}") = "Aita.Task.Web", "Aita.Task.Web\Aita.Task.Web.csproj", "{C751465A-F0FF-4D1E-9F5C-1CBFF834A265}"
EndProject
Global
	GlobalSection(SolutionConfigurationPlatforms) = preSolution
		Debug|Any CPU = Debug|Any CPU
		Release|Any CPU = Release|Any CPU
	EndGlobalSection
	GlobalSection(ProjectConfigurationPlatforms) = postSolution
		{C751465A-F0FF-4D1E-9F5C-1CBFF834A265}.Debug|Any CPU.ActiveCfg = Debug|Any CPU
		{C751465A-F0FF-4D1E-9F5C-1CBFF834A265}.Debug|Any CPU.Build.0 = Debug|Any CPU
		{C751465A-F0FF-4D1E-9F5C-1CBFF834A265}.Release|Any CPU.ActiveCfg = Release|Any CPU
		{C751465A-F0FF-4D1E-9F5C-1CBFF834A265}.Release|Any CPU.Build.0 = Release|Any CPU
	EndGlobalSection
	GlobalSection(SolutionProperties) = preSolution
		HideSolutionNode = FALSE
	EndGlobalSection
EndGlobal
